// !$*UTF8*$!
{
	archiveVersion = 1;
	classes = {
	};
	objectVersion = 46;
	objects = {

/* Begin PBXBuildFile section */
		A7B501F317E8B2F000725430 /* Foundation.framework in Frameworks */ = {isa = PBXBuildFile; fileRef = A7B501F217E8B2F000725430 /* Foundation.framework */; };
		A7B501F517E8B2F000725430 /* CoreGraphics.framework in Frameworks */ = {isa = PBXBuildFile; fileRef = A7B501F417E8B2F000725430 /* CoreGraphics.framework */; };
		A7B501F717E8B2F000725430 /* UIKit.framework in Frameworks */ = {isa = PBXBuildFile; fileRef = A7B501F617E8B2F000725430 /* UIKit.framework */; };
		A7B501FD17E8B2F000725430 /* InfoPlist.strings in Resources */ = {isa = PBXBuildFile; fileRef = A7B501FB17E8B2F000725430 /* InfoPlist.strings */; };
		A7B501FF17E8B2F000725430 /* main.m in Sources */ = {isa = PBXBuildFile; fileRef = A7B501FE17E8B2F000725430 /* main.m */; };
		A7B5020317E8B2F000725430 /* TBAppDelegate.m in Sources */ = {isa = PBXBuildFile; fileRef = A7B5020217E8B2F000725430 /* TBAppDelegate.m */; };
		A7B5020617E8B2F000725430 /* Main.storyboard in Resources */ = {isa = PBXBuildFile; fileRef = A7B5020417E8B2F000725430 /* Main.storyboard */; };
		A7B5020917E8B2F000725430 /* TBViewController.m in Sources */ = {isa = PBXBuildFile; fileRef = A7B5020817E8B2F000725430 /* TBViewController.m */; };
		A7B5020B17E8B2F000725430 /* Images.xcassets in Resources */ = {isa = PBXBuildFile; fileRef = A7B5020A17E8B2F000725430 /* Images.xcassets */; };
		A7B5021217E8B2F100725430 /* XCTest.framework in Frameworks */ = {isa = PBXBuildFile; fileRef = A7B5021117E8B2F100725430 /* XCTest.framework */; };
		A7B5021317E8B2F100725430 /* Foundation.framework in Frameworks */ = {isa = PBXBuildFile; fileRef = A7B501F217E8B2F000725430 /* Foundation.framework */; };
		A7B5021417E8B2F100725430 /* UIKit.framework in Frameworks */ = {isa = PBXBuildFile; fileRef = A7B501F617E8B2F000725430 /* UIKit.framework */; };
		A7B5021C17E8B2F100725430 /* InfoPlist.strings in Resources */ = {isa = PBXBuildFile; fileRef = A7B5021A17E8B2F100725430 /* InfoPlist.strings */; };
		A7B5021E17E8B2F100725430 /* TBBackdropViewExampleTests.m in Sources */ = {isa = PBXBuildFile; fileRef = A7B5021D17E8B2F100725430 /* TBBackdropViewExampleTests.m */; };
		A7B5022A17E8B41F00725430 /* TBTableManager.m in Sources */ = {isa = PBXBuildFile; fileRef = A7B5022917E8B41F00725430 /* TBTableManager.m */; };
		A7B5022D17E8B98E00725430 /* TBBackdropView.m in Sources */ = {isa = PBXBuildFile; fileRef = A7B5022C17E8B98E00725430 /* TBBackdropView.m */; };
		A7DBCA4F17F69C1D00CB9878 /* TBBackdropViewSettings.m in Sources */ = {isa = PBXBuildFile; fileRef = A7DBCA4E17F69C1D00CB9878 /* TBBackdropViewSettings.m */; };
		A7DBCA5517F6A47700CB9878 /* TBBackdropViewSettingsLight.m in Sources */ = {isa = PBXBuildFile; fileRef = A7DBCA5417F6A47700CB9878 /* TBBackdropViewSettingsLight.m */; };
		A7DBCA5817F6A8F100CB9878 /* TBBackdropViewSettingsAdaptiveLight.m in Sources */ = {isa = PBXBuildFile; fileRef = A7DBCA5717F6A8F100CB9878 /* TBBackdropViewSettingsAdaptiveLight.m */; };
		A7DBCA5B17F6A9AD00CB9878 /* TBBackdropViewSettingsBlur.m in Sources */ = {isa = PBXBuildFile; fileRef = A7DBCA5A17F6A9AD00CB9878 /* TBBackdropViewSettingsBlur.m */; };
		A7DBCA5E17F6AA0300CB9878 /* TBBackdropViewSettingsColored.m in Sources */ = {isa = PBXBuildFile; fileRef = A7DBCA5D17F6AA0300CB9878 /* TBBackdropViewSettingsColored.m */; };
		A7DBCA6117F6AA6500CB9878 /* TBBackdropViewSettingsColorSample.m in Sources */ = {isa = PBXBuildFile; fileRef = A7DBCA6017F6AA6500CB9878 /* TBBackdropViewSettingsColorSample.m */; };
		A7DBCA6417F6AC3500CB9878 /* TBBackdropViewSettingsCombiner.m in Sources */ = {isa = PBXBuildFile; fileRef = A7DBCA6317F6AC3500CB9878 /* TBBackdropViewSettingsCombiner.m */; };
		A7DBCA6C17F6AD6200CB9878 /* TBBackdropViewSettingsDarkLow.m in Sources */ = {isa = PBXBuildFile; fileRef = A7DBCA6B17F6AD6200CB9878 /* TBBackdropViewSettingsDarkLow.m */; };
		A7DBCA7517F6ADCC00CB9878 /* TBBackdropViewSettingsDark.m in Sources */ = {isa = PBXBuildFile; fileRef = A7DBCA7417F6ADCC00CB9878 /* TBBackdropViewSettingsDark.m */; };
		A7DBCA7817F6AEC500CB9878 /* TBBackdropViewSettingsDarkWithZoom.m in Sources */ = {isa = PBXBuildFile; fileRef = A7DBCA7717F6AEC500CB9878 /* TBBackdropViewSettingsDarkWithZoom.m */; };
		A7DBCA7B17F6AF7100CB9878 /* TBBackdropViewSettingsLightLow.m in Sources */ = {isa = PBXBuildFile; fileRef = A7DBCA7A17F6AF7100CB9878 /* TBBackdropViewSettingsLightLow.m */; };
		A7DBCA7E17F6AFCD00CB9878 /* TBBackdropViewSettingsNonAdaptive.m in Sources */ = {isa = PBXBuildFile; fileRef = A7DBCA7D17F6AFCD00CB9878 /* TBBackdropViewSettingsNonAdaptive.m */; };
		A7DBCA8117F6B03800CB9878 /* TBBackdropViewSettingsNone.m in Sources */ = {isa = PBXBuildFile; fileRef = A7DBCA8017F6B03800CB9878 /* TBBackdropViewSettingsNone.m */; };
		A7DBCA8417F6B09300CB9878 /* TBBackdropViewSettingsSemiLight.m in Sources */ = {isa = PBXBuildFile; fileRef = A7DBCA8317F6B09300CB9878 /* TBBackdropViewSettingsSemiLight.m */; };
		A7DBCA8717F6B0F300CB9878 /* TBBackdropViewSettingsUltraDark.m in Sources */ = {isa = PBXBuildFile; fileRef = A7DBCA8617F6B0F300CB9878 /* TBBackdropViewSettingsUltraDark.m */; };
		A7DBCA8D17F6B57700CB9878 /* TBBackdropViewSettingsUltraLight.m in Sources */ = {isa = PBXBuildFile; fileRef = A7DBCA8C17F6B57700CB9878 /* TBBackdropViewSettingsUltraLight.m */; };
/* End PBXBuildFile section */

/* Begin PBXContainerItemProxy section */
		A7B5021517E8B2F100725430 /* PBXContainerItemProxy */ = {
			isa = PBXContainerItemProxy;
			containerPortal = A7B501E717E8B2F000725430 /* Project object */;
			proxyType = 1;
			remoteGlobalIDString = A7B501EE17E8B2F000725430;
			remoteInfo = TBBackdropViewExample;
		};
/* End PBXContainerItemProxy section */

/* Begin PBXFileReference section */
		A7B501EF17E8B2F000725430 /* TBBackdropViewExample.app */ = {isa = PBXFileReference; explicitFileType = wrapper.application; includeInIndex = 0; path = TBBackdropViewExample.app; sourceTree = BUILT_PRODUCTS_DIR; };
		A7B501F217E8B2F000725430 /* Foundation.framework */ = {isa = PBXFileReference; lastKnownFileType = wrapper.framework; name = Foundation.framework; path = System/Library/Frameworks/Foundation.framework; sourceTree = SDKROOT; };
		A7B501F417E8B2F000725430 /* CoreGraphics.framework */ = {isa = PBXFileReference; lastKnownFileType = wrapper.framework; name = CoreGraphics.framework; path = System/Library/Frameworks/CoreGraphics.framework; sourceTree = SDKROOT; };
		A7B501F617E8B2F000725430 /* UIKit.framework */ = {isa = PBXFileReference; lastKnownFileType = wrapper.framework; name = UIKit.framework; path = System/Library/Frameworks/UIKit.framework; sourceTree = SDKROOT; };
		A7B501FA17E8B2F000725430 /* TBBackdropViewExample-Info.plist */ = {isa = PBXFileReference; lastKnownFileType = text.plist.xml; path = "TBBackdropViewExample-Info.plist"; sourceTree = "<group>"; };
		A7B501FC17E8B2F000725430 /* en */ = {isa = PBXFileReference; lastKnownFileType = text.plist.strings; name = en; path = en.lproj/InfoPlist.strings; sourceTree = "<group>"; };
		A7B501FE17E8B2F000725430 /* main.m */ = {isa = PBXFileReference; lastKnownFileType = sourcecode.c.objc; path = main.m; sourceTree = "<group>"; };
		A7B5020017E8B2F000725430 /* TBBackdropViewExample-Prefix.pch */ = {isa = PBXFileReference; lastKnownFileType = sourcecode.c.h; path = "TBBackdropViewExample-Prefix.pch"; sourceTree = "<group>"; };
		A7B5020117E8B2F000725430 /* TBAppDelegate.h */ = {isa = PBXFileReference; lastKnownFileType = sourcecode.c.h; path = TBAppDelegate.h; sourceTree = "<group>"; };
		A7B5020217E8B2F000725430 /* TBAppDelegate.m */ = {isa = PBXFileReference; lastKnownFileType = sourcecode.c.objc; path = TBAppDelegate.m; sourceTree = "<group>"; };
		A7B5020517E8B2F000725430 /* Base */ = {isa = PBXFileReference; lastKnownFileType = file.storyboard; name = Base; path = Base.lproj/Main.storyboard; sourceTree = "<group>"; };
		A7B5020717E8B2F000725430 /* TBViewController.h */ = {isa = PBXFileReference; lastKnownFileType = sourcecode.c.h; path = TBViewController.h; sourceTree = "<group>"; };
		A7B5020817E8B2F000725430 /* TBViewController.m */ = {isa = PBXFileReference; lastKnownFileType = sourcecode.c.objc; path = TBViewController.m; sourceTree = "<group>"; };
		A7B5020A17E8B2F000725430 /* Images.xcassets */ = {isa = PBXFileReference; lastKnownFileType = folder.assetcatalog; path = Images.xcassets; sourceTree = "<group>"; };
		A7B5021017E8B2F100725430 /* TBBackdropViewExampleTests.xctest */ = {isa = PBXFileReference; explicitFileType = wrapper.cfbundle; includeInIndex = 0; path = TBBackdropViewExampleTests.xctest; sourceTree = BUILT_PRODUCTS_DIR; };
		A7B5021117E8B2F100725430 /* XCTest.framework */ = {isa = PBXFileReference; lastKnownFileType = wrapper.framework; name = XCTest.framework; path = Library/Frameworks/XCTest.framework; sourceTree = DEVELOPER_DIR; };
		A7B5021917E8B2F100725430 /* TBBackdropViewExampleTests-Info.plist */ = {isa = PBXFileReference; lastKnownFileType = text.plist.xml; path = "TBBackdropViewExampleTests-Info.plist"; sourceTree = "<group>"; };
		A7B5021B17E8B2F100725430 /* en */ = {isa = PBXFileReference; lastKnownFileType = text.plist.strings; name = en; path = en.lproj/InfoPlist.strings; sourceTree = "<group>"; };
		A7B5021D17E8B2F100725430 /* TBBackdropViewExampleTests.m */ = {isa = PBXFileReference; lastKnownFileType = sourcecode.c.objc; path = TBBackdropViewExampleTests.m; sourceTree = "<group>"; };
		A7B5022817E8B41F00725430 /* TBTableManager.h */ = {isa = PBXFileReference; fileEncoding = 4; lastKnownFileType = sourcecode.c.h; path = TBTableManager.h; sourceTree = "<group>"; };
		A7B5022917E8B41F00725430 /* TBTableManager.m */ = {isa = PBXFileReference; fileEncoding = 4; lastKnownFileType = sourcecode.c.objc; path = TBTableManager.m; sourceTree = "<group>"; };
		A7B5022B17E8B98E00725430 /* TBBackdropView.h */ = {isa = PBXFileReference; fileEncoding = 4; lastKnownFileType = sourcecode.c.h; name = TBBackdropView.h; path = ../../TBBackdropView/TBBackdropView.h; sourceTree = "<group>"; };
		A7B5022C17E8B98E00725430 /* TBBackdropView.m */ = {isa = PBXFileReference; fileEncoding = 4; lastKnownFileType = sourcecode.c.objc; name = TBBackdropView.m; path = ../../TBBackdropView/TBBackdropView.m; sourceTree = "<group>"; };
		A7DBCA4D17F69C1D00CB9878 /* TBBackdropViewSettings.h */ = {isa = PBXFileReference; fileEncoding = 4; lastKnownFileType = sourcecode.c.h; name = TBBackdropViewSettings.h; path = ../../TBBackdropView/TBBackdropViewSettings.h; sourceTree = "<group>"; };
		A7DBCA4E17F69C1D00CB9878 /* TBBackdropViewSettings.m */ = {isa = PBXFileReference; fileEncoding = 4; lastKnownFileType = sourcecode.c.objc; name = TBBackdropViewSettings.m; path = ../../TBBackdropView/TBBackdropViewSettings.m; sourceTree = "<group>"; };
		A7DBCA5317F6A47700CB9878 /* TBBackdropViewSettingsLight.h */ = {isa = PBXFileReference; fileEncoding = 4; lastKnownFileType = sourcecode.c.h; name = TBBackdropViewSettingsLight.h; path = ../../TBBackdropView/TBBackdropViewSettingsLight.h; sourceTree = "<group>"; };
		A7DBCA5417F6A47700CB9878 /* TBBackdropViewSettingsLight.m */ = {isa = PBXFileReference; fileEncoding = 4; lastKnownFileType = sourcecode.c.objc; name = TBBackdropViewSettingsLight.m; path = ../../TBBackdropView/TBBackdropViewSettingsLight.m; sourceTree = "<group>"; };
		A7DBCA5617F6A8F100CB9878 /* TBBackdropViewSettingsAdaptiveLight.h */ = {isa = PBXFileReference; fileEncoding = 4; lastKnownFileType = sourcecode.c.h; name = TBBackdropViewSettingsAdaptiveLight.h; path = ../../TBBackdropView/TBBackdropViewSettingsAdaptiveLight.h; sourceTree = "<group>"; };
		A7DBCA5717F6A8F100CB9878 /* TBBackdropViewSettingsAdaptiveLight.m */ = {isa = PBXFileReference; fileEncoding = 4; lastKnownFileType = sourcecode.c.objc; name = TBBackdropViewSettingsAdaptiveLight.m; path = ../../TBBackdropView/TBBackdropViewSettingsAdaptiveLight.m; sourceTree = "<group>"; };
		A7DBCA5917F6A9AD00CB9878 /* TBBackdropViewSettingsBlur.h */ = {isa = PBXFileReference; fileEncoding = 4; lastKnownFileType = sourcecode.c.h; name = TBBackdropViewSettingsBlur.h; path = ../../TBBackdropView/TBBackdropViewSettingsBlur.h; sourceTree = "<group>"; };
		A7DBCA5A17F6A9AD00CB9878 /* TBBackdropViewSettingsBlur.m */ = {isa = PBXFileReference; fileEncoding = 4; lastKnownFileType = sourcecode.c.objc; name = TBBackdropViewSettingsBlur.m; path = ../../TBBackdropView/TBBackdropViewSettingsBlur.m; sourceTree = "<group>"; };
		A7DBCA5C17F6AA0300CB9878 /* TBBackdropViewSettingsColored.h */ = {isa = PBXFileReference; fileEncoding = 4; lastKnownFileType = sourcecode.c.h; name = TBBackdropViewSettingsColored.h; path = ../../TBBackdropView/TBBackdropViewSettingsColored.h; sourceTree = "<group>"; };
		A7DBCA5D17F6AA0300CB9878 /* TBBackdropViewSettingsColored.m */ = {isa = PBXFileReference; fileEncoding = 4; lastKnownFileType = sourcecode.c.objc; name = TBBackdropViewSettingsColored.m; path = ../../TBBackdropView/TBBackdropViewSettingsColored.m; sourceTree = "<group>"; };
		A7DBCA5F17F6AA6500CB9878 /* TBBackdropViewSettingsColorSample.h */ = {isa = PBXFileReference; fileEncoding = 4; lastKnownFileType = sourcecode.c.h; name = TBBackdropViewSettingsColorSample.h; path = ../../TBBackdropView/TBBackdropViewSettingsColorSample.h; sourceTree = "<group>"; };
		A7DBCA6017F6AA6500CB9878 /* TBBackdropViewSettingsColorSample.m */ = {isa = PBXFileReference; fileEncoding = 4; lastKnownFileType = sourcecode.c.objc; name = TBBackdropViewSettingsColorSample.m; path = ../../TBBackdropView/TBBackdropViewSettingsColorSample.m; sourceTree = "<group>"; };
		A7DBCA6217F6AC3500CB9878 /* TBBackdropViewSettingsCombiner.h */ = {isa = PBXFileReference; fileEncoding = 4; lastKnownFileType = sourcecode.c.h; name = TBBackdropViewSettingsCombiner.h; path = ../../TBBackdropView/TBBackdropViewSettingsCombiner.h; sourceTree = "<group>"; };
		A7DBCA6317F6AC3500CB9878 /* TBBackdropViewSettingsCombiner.m */ = {isa = PBXFileReference; fileEncoding = 4; lastKnownFileType = sourcecode.c.objc; name = TBBackdropViewSettingsCombiner.m; path = ../../TBBackdropView/TBBackdropViewSettingsCombiner.m; sourceTree = "<group>"; };
		A7DBCA6A17F6AD6200CB9878 /* TBBackdropViewSettingsDarkLow.h */ = {isa = PBXFileReference; fileEncoding = 4; lastKnownFileType = sourcecode.c.h; name = TBBackdropViewSettingsDarkLow.h; path = ../../TBBackdropView/TBBackdropViewSettingsDarkLow.h; sourceTree = "<group>"; };
		A7DBCA6B17F6AD6200CB9878 /* TBBackdropViewSettingsDarkLow.m */ = {isa = PBXFileReference; fileEncoding = 4; lastKnownFileType = sourcecode.c.objc; name = TBBackdropViewSettingsDarkLow.m; path = ../../TBBackdropView/TBBackdropViewSettingsDarkLow.m; sourceTree = "<group>"; };
		A7DBCA7317F6ADCC00CB9878 /* TBBackdropViewSettingsDark.h */ = {isa = PBXFileReference; fileEncoding = 4; lastKnownFileType = sourcecode.c.h; name = TBBackdropViewSettingsDark.h; path = ../../TBBackdropView/TBBackdropViewSettingsDark.h; sourceTree = "<group>"; };
		A7DBCA7417F6ADCC00CB9878 /* TBBackdropViewSettingsDark.m */ = {isa = PBXFileReference; fileEncoding = 4; lastKnownFileType = sourcecode.c.objc; name = TBBackdropViewSettingsDark.m; path = ../../TBBackdropView/TBBackdropViewSettingsDark.m; sourceTree = "<group>"; };
		A7DBCA7617F6AEC500CB9878 /* TBBackdropViewSettingsDarkWithZoom.h */ = {isa = PBXFileReference; fileEncoding = 4; lastKnownFileType = sourcecode.c.h; name = TBBackdropViewSettingsDarkWithZoom.h; path = ../../TBBackdropView/TBBackdropViewSettingsDarkWithZoom.h; sourceTree = "<group>"; };
		A7DBCA7717F6AEC500CB9878 /* TBBackdropViewSettingsDarkWithZoom.m */ = {isa = PBXFileReference; fileEncoding = 4; lastKnownFileType = sourcecode.c.objc; name = TBBackdropViewSettingsDarkWithZoom.m; path = ../../TBBackdropView/TBBackdropViewSettingsDarkWithZoom.m; sourceTree = "<group>"; };
		A7DBCA7917F6AF7100CB9878 /* TBBackdropViewSettingsLightLow.h */ = {isa = PBXFileReference; fileEncoding = 4; lastKnownFileType = sourcecode.c.h; name = TBBackdropViewSettingsLightLow.h; path = ../../TBBackdropView/TBBackdropViewSettingsLightLow.h; sourceTree = "<group>"; };
		A7DBCA7A17F6AF7100CB9878 /* TBBackdropViewSettingsLightLow.m */ = {isa = PBXFileReference; fileEncoding = 4; lastKnownFileType = sourcecode.c.objc; name = TBBackdropViewSettingsLightLow.m; path = ../../TBBackdropView/TBBackdropViewSettingsLightLow.m; sourceTree = "<group>"; };
		A7DBCA7C17F6AFCD00CB9878 /* TBBackdropViewSettingsNonAdaptive.h */ = {isa = PBXFileReference; fileEncoding = 4; lastKnownFileType = sourcecode.c.h; name = TBBackdropViewSettingsNonAdaptive.h; path = ../../TBBackdropView/TBBackdropViewSettingsNonAdaptive.h; sourceTree = "<group>"; };
		A7DBCA7D17F6AFCD00CB9878 /* TBBackdropViewSettingsNonAdaptive.m */ = {isa = PBXFileReference; fileEncoding = 4; lastKnownFileType = sourcecode.c.objc; name = TBBackdropViewSettingsNonAdaptive.m; path = ../../TBBackdropView/TBBackdropViewSettingsNonAdaptive.m; sourceTree = "<group>"; };
		A7DBCA7F17F6B03800CB9878 /* TBBackdropViewSettingsNone.h */ = {isa = PBXFileReference; fileEncoding = 4; lastKnownFileType = sourcecode.c.h; name = TBBackdropViewSettingsNone.h; path = ../../TBBackdropView/TBBackdropViewSettingsNone.h; sourceTree = "<group>"; };
		A7DBCA8017F6B03800CB9878 /* TBBackdropViewSettingsNone.m */ = {isa = PBXFileReference; fileEncoding = 4; lastKnownFileType = sourcecode.c.objc; name = TBBackdropViewSettingsNone.m; path = ../../TBBackdropView/TBBackdropViewSettingsNone.m; sourceTree = "<group>"; };
		A7DBCA8217F6B09300CB9878 /* TBBackdropViewSettingsSemiLight.h */ = {isa = PBXFileReference; fileEncoding = 4; lastKnownFileType = sourcecode.c.h; name = TBBackdropViewSettingsSemiLight.h; path = ../../TBBackdropView/TBBackdropViewSettingsSemiLight.h; sourceTree = "<group>"; };
		A7DBCA8317F6B09300CB9878 /* TBBackdropViewSettingsSemiLight.m */ = {isa = PBXFileReference; fileEncoding = 4; lastKnownFileType = sourcecode.c.objc; name = TBBackdropViewSettingsSemiLight.m; path = ../../TBBackdropView/TBBackdropViewSettingsSemiLight.m; sourceTree = "<group>"; };
		A7DBCA8517F6B0F300CB9878 /* TBBackdropViewSettingsUltraDark.h */ = {isa = PBXFileReference; fileEncoding = 4; lastKnownFileType = sourcecode.c.h; name = TBBackdropViewSettingsUltraDark.h; path = ../../TBBackdropView/TBBackdropViewSettingsUltraDark.h; sourceTree = "<group>"; };
		A7DBCA8617F6B0F300CB9878 /* TBBackdropViewSettingsUltraDark.m */ = {isa = PBXFileReference; fileEncoding = 4; lastKnownFileType = sourcecode.c.objc; name = TBBackdropViewSettingsUltraDark.m; path = ../../TBBackdropView/TBBackdropViewSettingsUltraDark.m; sourceTree = "<group>"; };
		A7DBCA8B17F6B57700CB9878 /* TBBackdropViewSettingsUltraLight.h */ = {isa = PBXFileReference; fileEncoding = 4; lastKnownFileType = sourcecode.c.h; name = TBBackdropViewSettingsUltraLight.h; path = ../../TBBackdropView/TBBackdropViewSettingsUltraLight.h; sourceTree = "<group>"; };
		A7DBCA8C17F6B57700CB9878 /* TBBackdropViewSettingsUltraLight.m */ = {isa = PBXFileReference; fileEncoding = 4; lastKnownFileType = sourcecode.c.objc; name = TBBackdropViewSettingsUltraLight.m; path = ../../TBBackdropView/TBBackdropViewSettingsUltraLight.m; sourceTree = "<group>"; };
		A7DBCA8E17F70E1000CB9878 /* TBBackdropViewSettingsSampleHeaders.h */ = {isa = PBXFileReference; fileEncoding = 4; lastKnownFileType = sourcecode.c.h; path = TBBackdropViewSettingsSampleHeaders.h; sourceTree = "<group>"; };
/* End PBXFileReference section */

/* Begin PBXFrameworksBuildPhase section */
		A7B501EC17E8B2F000725430 /* Frameworks */ = {
			isa = PBXFrameworksBuildPhase;
			buildActionMask = 2147483647;
			files = (
				A7B501F517E8B2F000725430 /* CoreGraphics.framework in Frameworks */,
				A7B501F717E8B2F000725430 /* UIKit.framework in Frameworks */,
				A7B501F317E8B2F000725430 /* Foundation.framework in Frameworks */,
			);
			runOnlyForDeploymentPostprocessing = 0;
		};
		A7B5020D17E8B2F100725430 /* Frameworks */ = {
			isa = PBXFrameworksBuildPhase;
			buildActionMask = 2147483647;
			files = (
				A7B5021217E8B2F100725430 /* XCTest.framework in Frameworks */,
				A7B5021417E8B2F100725430 /* UIKit.framework in Frameworks */,
				A7B5021317E8B2F100725430 /* Foundation.framework in Frameworks */,
			);
			runOnlyForDeploymentPostprocessing = 0;
		};
/* End PBXFrameworksBuildPhase section */

/* Begin PBXGroup section */
		A7B501E617E8B2F000725430 = {
			isa = PBXGroup;
			children = (
				A7B5022717E8B32300725430 /* TBBackdropView */,
				A7B501F817E8B2F000725430 /* TBBackdropViewExample */,
				A7B5021717E8B2F100725430 /* TBBackdropViewExampleTests */,
				A7B501F117E8B2F000725430 /* Frameworks */,
				A7B501F017E8B2F000725430 /* Products */,
			);
			sourceTree = "<group>";
		};
		A7B501F017E8B2F000725430 /* Products */ = {
			isa = PBXGroup;
			children = (
				A7B501EF17E8B2F000725430 /* TBBackdropViewExample.app */,
				A7B5021017E8B2F100725430 /* TBBackdropViewExampleTests.xctest */,
			);
			name = Products;
			sourceTree = "<group>";
		};
		A7B501F117E8B2F000725430 /* Frameworks */ = {
			isa = PBXGroup;
			children = (
				A7B501F217E8B2F000725430 /* Foundation.framework */,
				A7B501F417E8B2F000725430 /* CoreGraphics.framework */,
				A7B501F617E8B2F000725430 /* UIKit.framework */,
				A7B5021117E8B2F100725430 /* XCTest.framework */,
			);
			name = Frameworks;
			sourceTree = "<group>";
		};
		A7B501F817E8B2F000725430 /* TBBackdropViewExample */ = {
			isa = PBXGroup;
			children = (
				A7B5020117E8B2F000725430 /* TBAppDelegate.h */,
				A7B5020217E8B2F000725430 /* TBAppDelegate.m */,
				A7B5020417E8B2F000725430 /* Main.storyboard */,
				A7B5020717E8B2F000725430 /* TBViewController.h */,
				A7B5020817E8B2F000725430 /* TBViewController.m */,
				A7B5022817E8B41F00725430 /* TBTableManager.h */,
				A7B5022917E8B41F00725430 /* TBTableManager.m */,
				A7DBCA8E17F70E1000CB9878 /* TBBackdropViewSettingsSampleHeaders.h */,
				A7B5020A17E8B2F000725430 /* Images.xcassets */,
				A7B501F917E8B2F000725430 /* Supporting Files */,
			);
			path = TBBackdropViewExample;
			sourceTree = "<group>";
		};
		A7B501F917E8B2F000725430 /* Supporting Files */ = {
			isa = PBXGroup;
			children = (
				A7B501FA17E8B2F000725430 /* TBBackdropViewExample-Info.plist */,
				A7B501FB17E8B2F000725430 /* InfoPlist.strings */,
				A7B501FE17E8B2F000725430 /* main.m */,
				A7B5020017E8B2F000725430 /* TBBackdropViewExample-Prefix.pch */,
			);
			name = "Supporting Files";
			sourceTree = "<group>";
		};
		A7B5021717E8B2F100725430 /* TBBackdropViewExampleTests */ = {
			isa = PBXGroup;
			children = (
				A7B5021D17E8B2F100725430 /* TBBackdropViewExampleTests.m */,
				A7B5021817E8B2F100725430 /* Supporting Files */,
			);
			path = TBBackdropViewExampleTests;
			sourceTree = "<group>";
		};
		A7B5021817E8B2F100725430 /* Supporting Files */ = {
			isa = PBXGroup;
			children = (
				A7B5021917E8B2F100725430 /* TBBackdropViewExampleTests-Info.plist */,
				A7B5021A17E8B2F100725430 /* InfoPlist.strings */,
			);
			name = "Supporting Files";
			sourceTree = "<group>";
		};
		A7B5022717E8B32300725430 /* TBBackdropView */ = {
			isa = PBXGroup;
			children = (
				A7B5022B17E8B98E00725430 /* TBBackdropView.h */,
				A7B5022C17E8B98E00725430 /* TBBackdropView.m */,
				A7DBCA4D17F69C1D00CB9878 /* TBBackdropViewSettings.h */,
				A7DBCA4E17F69C1D00CB9878 /* TBBackdropViewSettings.m */,
				A7DBCA5317F6A47700CB9878 /* TBBackdropViewSettingsLight.h */,
				A7DBCA5417F6A47700CB9878 /* TBBackdropViewSettingsLight.m */,
				A7DBCA5617F6A8F100CB9878 /* TBBackdropViewSettingsAdaptiveLight.h */,
				A7DBCA5717F6A8F100CB9878 /* TBBackdropViewSettingsAdaptiveLight.m */,
				A7DBCA5917F6A9AD00CB9878 /* TBBackdropViewSettingsBlur.h */,
				A7DBCA5A17F6A9AD00CB9878 /* TBBackdropViewSettingsBlur.m */,
				A7DBCA5C17F6AA0300CB9878 /* TBBackdropViewSettingsColored.h */,
				A7DBCA5D17F6AA0300CB9878 /* TBBackdropViewSettingsColored.m */,
				A7DBCA5F17F6AA6500CB9878 /* TBBackdropViewSettingsColorSample.h */,
				A7DBCA6017F6AA6500CB9878 /* TBBackdropViewSettingsColorSample.m */,
				A7DBCA6217F6AC3500CB9878 /* TBBackdropViewSettingsCombiner.h */,
				A7DBCA6317F6AC3500CB9878 /* TBBackdropViewSettingsCombiner.m */,
				A7DBCA7317F6ADCC00CB9878 /* TBBackdropViewSettingsDark.h */,
				A7DBCA7417F6ADCC00CB9878 /* TBBackdropViewSettingsDark.m */,
				A7DBCA6A17F6AD6200CB9878 /* TBBackdropViewSettingsDarkLow.h */,
				A7DBCA6B17F6AD6200CB9878 /* TBBackdropViewSettingsDarkLow.m */,
				A7DBCA7617F6AEC500CB9878 /* TBBackdropViewSettingsDarkWithZoom.h */,
				A7DBCA7717F6AEC500CB9878 /* TBBackdropViewSettingsDarkWithZoom.m */,
				A7DBCA7917F6AF7100CB9878 /* TBBackdropViewSettingsLightLow.h */,
				A7DBCA7A17F6AF7100CB9878 /* TBBackdropViewSettingsLightLow.m */,
				A7DBCA7C17F6AFCD00CB9878 /* TBBackdropViewSettingsNonAdaptive.h */,
				A7DBCA7D17F6AFCD00CB9878 /* TBBackdropViewSettingsNonAdaptive.m */,
				A7DBCA7F17F6B03800CB9878 /* TBBackdropViewSettingsNone.h */,
				A7DBCA8017F6B03800CB9878 /* TBBackdropViewSettingsNone.m */,
				A7DBCA8217F6B09300CB9878 /* TBBackdropViewSettingsSemiLight.h */,
				A7DBCA8317F6B09300CB9878 /* TBBackdropViewSettingsSemiLight.m */,
				A7DBCA8517F6B0F300CB9878 /* TBBackdropViewSettingsUltraDark.h */,
				A7DBCA8617F6B0F300CB9878 /* TBBackdropViewSettingsUltraDark.m */,
				A7DBCA8B17F6B57700CB9878 /* TBBackdropViewSettingsUltraLight.h */,
				A7DBCA8C17F6B57700CB9878 /* TBBackdropViewSettingsUltraLight.m */,
			);
			name = TBBackdropView;
			path = TBBackdropViewExample;
			sourceTree = "<group>";
		};
/* End PBXGroup section */

/* Begin PBXNativeTarget section */
		A7B501EE17E8B2F000725430 /* TBBackdropViewExample */ = {
			isa = PBXNativeTarget;
			buildConfigurationList = A7B5022117E8B2F100725430 /* Build configuration list for PBXNativeTarget "TBBackdropViewExample" */;
			buildPhases = (
				A7B501EB17E8B2F000725430 /* Sources */,
				A7B501EC17E8B2F000725430 /* Frameworks */,
				A7B501ED17E8B2F000725430 /* Resources */,
			);
			buildRules = (
			);
			dependencies = (
			);
			name = TBBackdropViewExample;
			productName = TBBackdropViewExample;
			productReference = A7B501EF17E8B2F000725430 /* TBBackdropViewExample.app */;
			productType = "com.apple.product-type.application";
		};
		A7B5020F17E8B2F100725430 /* TBBackdropViewExampleTests */ = {
			isa = PBXNativeTarget;
			buildConfigurationList = A7B5022417E8B2F100725430 /* Build configuration list for PBXNativeTarget "TBBackdropViewExampleTests" */;
			buildPhases = (
				A7B5020C17E8B2F100725430 /* Sources */,
				A7B5020D17E8B2F100725430 /* Frameworks */,
				A7B5020E17E8B2F100725430 /* Resources */,
			);
			buildRules = (
			);
			dependencies = (
				A7B5021617E8B2F100725430 /* PBXTargetDependency */,
			);
			name = TBBackdropViewExampleTests;
			productName = TBBackdropViewExampleTests;
			productReference = A7B5021017E8B2F100725430 /* TBBackdropViewExampleTests.xctest */;
			productType = "com.apple.product-type.bundle.unit-test";
		};
/* End PBXNativeTarget section */

/* Begin PBXProject section */
		A7B501E717E8B2F000725430 /* Project object */ = {
			isa = PBXProject;
			attributes = {
				CLASSPREFIX = TB;
				LastUpgradeCheck = 0500;
				ORGANIZATIONNAME = tanB;
				TargetAttributes = {
					A7B5020F17E8B2F100725430 = {
						TestTargetID = A7B501EE17E8B2F000725430;
					};
				};
			};
			buildConfigurationList = A7B501EA17E8B2F000725430 /* Build configuration list for PBXProject "TBBackdropViewExample" */;
			compatibilityVersion = "Xcode 3.2";
			developmentRegion = English;
			hasScannedForEncodings = 0;
			knownRegions = (
				en,
				Base,
			);
			mainGroup = A7B501E617E8B2F000725430;
			productRefGroup = A7B501F017E8B2F000725430 /* Products */;
			projectDirPath = "";
			projectRoot = "";
			targets = (
				A7B501EE17E8B2F000725430 /* TBBackdropViewExample */,
				A7B5020F17E8B2F100725430 /* TBBackdropViewExampleTests */,
			);
		};
/* End PBXProject section */

/* Begin PBXResourcesBuildPhase section */
		A7B501ED17E8B2F000725430 /* Resources */ = {
			isa = PBXResourcesBuildPhase;
			buildActionMask = 2147483647;
			files = (
				A7B5020B17E8B2F000725430 /* Images.xcassets in Resources */,
				A7B501FD17E8B2F000725430 /* InfoPlist.strings in Resources */,
				A7B5020617E8B2F000725430 /* Main.storyboard in Resources */,
			);
			runOnlyForDeploymentPostprocessing = 0;
		};
		A7B5020E17E8B2F100725430 /* Resources */ = {
			isa = PBXResourcesBuildPhase;
			buildActionMask = 2147483647;
			files = (
				A7B5021C17E8B2F100725430 /* InfoPlist.strings in Resources */,
			);
			runOnlyForDeploymentPostprocessing = 0;
		};
/* End PBXResourcesBuildPhase section */

/* Begin PBXSourcesBuildPhase section */
		A7B501EB17E8B2F000725430 /* Sources */ = {
			isa = PBXSourcesBuildPhase;
			buildActionMask = 2147483647;
			files = (
				A7DBCA6417F6AC3500CB9878 /* TBBackdropViewSettingsCombiner.m in Sources */,
				A7DBCA6C17F6AD6200CB9878 /* TBBackdropViewSettingsDarkLow.m in Sources */,
				A7DBCA7E17F6AFCD00CB9878 /* TBBackdropViewSettingsNonAdaptive.m in Sources */,
				A7DBCA8D17F6B57700CB9878 /* TBBackdropViewSettingsUltraLight.m in Sources */,
				A7DBCA5B17F6A9AD00CB9878 /* TBBackdropViewSettingsBlur.m in Sources */,
				A7DBCA7517F6ADCC00CB9878 /* TBBackdropViewSettingsDark.m in Sources */,
				A7B5020917E8B2F000725430 /* TBViewController.m in Sources */,
				A7DBCA6117F6AA6500CB9878 /* TBBackdropViewSettingsColorSample.m in Sources */,
				A7DBCA5517F6A47700CB9878 /* TBBackdropViewSettingsLight.m in Sources */,
				A7DBCA8417F6B09300CB9878 /* TBBackdropViewSettingsSemiLight.m in Sources */,
				A7B5022A17E8B41F00725430 /* TBTableManager.m in Sources */,
				A7DBCA8717F6B0F300CB9878 /* TBBackdropViewSettingsUltraDark.m in Sources */,
				A7DBCA8117F6B03800CB9878 /* TBBackdropViewSettingsNone.m in Sources */,
				A7DBCA5E17F6AA0300CB9878 /* TBBackdropViewSettingsColored.m in Sources */,
				A7B5020317E8B2F000725430 /* TBAppDelegate.m in Sources */,
				A7DBCA7B17F6AF7100CB9878 /* TBBackdropViewSettingsLightLow.m in Sources */,
				A7B5022D17E8B98E00725430 /* TBBackdropView.m in Sources */,
				A7B501FF17E8B2F000725430 /* main.m in Sources */,
				A7DBCA5817F6A8F100CB9878 /* TBBackdropViewSettingsAdaptiveLight.m in Sources */,
				A7DBCA7817F6AEC500CB9878 /* TBBackdropViewSettingsDarkWithZoom.m in Sources */,
				A7DBCA4F17F69C1D00CB9878 /* TBBackdropViewSettings.m in Sources */,
			);
			runOnlyForDeploymentPostprocessing = 0;
		};
		A7B5020C17E8B2F100725430 /* Sources */ = {
			isa = PBXSourcesBuildPhase;
			buildActionMask = 2147483647;
			files = (
				A7B5021E17E8B2F100725430 /* TBBackdropViewExampleTests.m in Sources */,
			);
			runOnlyForDeploymentPostprocessing = 0;
		};
/* End PBXSourcesBuildPhase section */

/* Begin PBXTargetDependency section */
		A7B5021617E8B2F100725430 /* PBXTargetDependency */ = {
			isa = PBXTargetDependency;
			target = A7B501EE17E8B2F000725430 /* TBBackdropViewExample */;
			targetProxy = A7B5021517E8B2F100725430 /* PBXContainerItemProxy */;
		};
/* End PBXTargetDependency section */

/* Begin PBXVariantGroup section */
		A7B501FB17E8B2F000725430 /* InfoPlist.strings */ = {
			isa = PBXVariantGroup;
			children = (
				A7B501FC17E8B2F000725430 /* en */,
			);
			name = InfoPlist.strings;
			sourceTree = "<group>";
		};
		A7B5020417E8B2F000725430 /* Main.storyboard */ = {
			isa = PBXVariantGroup;
			children = (
				A7B5020517E8B2F000725430 /* Base */,
			);
			name = Main.storyboard;
			sourceTree = "<group>";
		};
		A7B5021A17E8B2F100725430 /* InfoPlist.strings */ = {
			isa = PBXVariantGroup;
			children = (
				A7B5021B17E8B2F100725430 /* en */,
			);
			name = InfoPlist.strings;
			sourceTree = "<group>";
		};
/* End PBXVariantGroup section */

/* Begin XCBuildConfiguration section */
		A7B5021F17E8B2F100725430 /* Debug */ = {
			isa = XCBuildConfiguration;
			buildSettings = {
				ALWAYS_SEARCH_USER_PATHS = NO;
				ARCHS = "$(ARCHS_STANDARD_INCLUDING_64_BIT)";
				CLANG_CXX_LANGUAGE_STANDARD = "gnu++0x";
				CLANG_CXX_LIBRARY = "libc++";
				CLANG_ENABLE_MODULES = YES;
				CLANG_ENABLE_OBJC_ARC = YES;
				CLANG_WARN_BOOL_CONVERSION = YES;
				CLANG_WARN_CONSTANT_CONVERSION = YES;
				CLANG_WARN_DIRECT_OBJC_ISA_USAGE = YES_ERROR;
				CLANG_WARN_EMPTY_BODY = YES;
				CLANG_WARN_ENUM_CONVERSION = YES;
				CLANG_WARN_INT_CONVERSION = YES;
				CLANG_WARN_OBJC_ROOT_CLASS = YES_ERROR;
				CLANG_WARN__DUPLICATE_METHOD_MATCH = YES;
				"CODE_SIGN_IDENTITY[sdk=iphoneos*]" = "iPhone Developer";
				COPY_PHASE_STRIP = NO;
				GCC_C_LANGUAGE_STANDARD = gnu99;
				GCC_DYNAMIC_NO_PIC = NO;
				GCC_OPTIMIZATION_LEVEL = 0;
				GCC_PREPROCESSOR_DEFINITIONS = (
					"DEBUG=1",
					"$(inherited)",
				);
				GCC_SYMBOLS_PRIVATE_EXTERN = NO;
				GCC_WARN_64_TO_32_BIT_CONVERSION = YES;
				GCC_WARN_ABOUT_RETURN_TYPE = YES_ERROR;
				GCC_WARN_UNDECLARED_SELECTOR = YES;
				GCC_WARN_UNINITIALIZED_AUTOS = YES;
				GCC_WARN_UNUSED_FUNCTION = YES;
				GCC_WARN_UNUSED_VARIABLE = YES;
				IPHONEOS_DEPLOYMENT_TARGET = 7.0;
				ONLY_ACTIVE_ARCH = YES;
				SDKROOT = iphoneos;
			};
			name = Debug;
		};
		A7B5022017E8B2F100725430 /* Release */ = {
			isa = XCBuildConfiguration;
			buildSettings = {
				ALWAYS_SEARCH_USER_PATHS = NO;
				ARCHS = "$(ARCHS_STANDARD_INCLUDING_64_BIT)";
				CLANG_CXX_LANGUAGE_STANDARD = "gnu++0x";
				CLANG_CXX_LIBRARY = "libc++";
				CLANG_ENABLE_MODULES = YES;
				CLANG_ENABLE_OBJC_ARC = YES;
				CLANG_WARN_BOOL_CONVERSION = YES;
				CLANG_WARN_CONSTANT_CONVERSION = YES;
				CLANG_WARN_DIRECT_OBJC_ISA_USAGE = YES_ERROR;
				CLANG_WARN_EMPTY_BODY = YES;
				CLANG_WARN_ENUM_CONVERSION = YES;
				CLANG_WARN_INT_CONVERSION = YES;
				CLANG_WARN_OBJC_ROOT_CLASS = YES_ERROR;
				CLANG_WARN__DUPLICATE_METHOD_MATCH = YES;
				"CODE_SIGN_IDENTITY[sdk=iphoneos*]" = "iPhone Developer";
				COPY_PHASE_STRIP = YES;
				ENABLE_NS_ASSERTIONS = NO;
				GCC_C_LANGUAGE_STANDARD = gnu99;
				GCC_WARN_64_TO_32_BIT_CONVERSION = YES;
				GCC_WARN_ABOUT_RETURN_TYPE = YES_ERROR;
				GCC_WARN_UNDECLARED_SELECTOR = YES;
				GCC_WARN_UNINITIALIZED_AUTOS = YES;
				GCC_WARN_UNUSED_FUNCTION = YES;
				GCC_WARN_UNUSED_VARIABLE = YES;
				IPHONEOS_DEPLOYMENT_TARGET = 7.0;
				SDKROOT = iphoneos;
				VALIDATE_PRODUCT = YES;
			};
			name = Release;
		};
		A7B5022217E8B2F100725430 /* Debug */ = {
			isa = XCBuildConfiguration;
			buildSettings = {
				ASSETCATALOG_COMPILER_APPICON_NAME = AppIcon;
				ASSETCATALOG_COMPILER_LAUNCHIMAGE_NAME = LaunchImage;
				GCC_PRECOMPILE_PREFIX_HEADER = YES;
				GCC_PREFIX_HEADER = "TBBackdropViewExample/TBBackdropViewExample-Prefix.pch";
				INFOPLIST_FILE = "TBBackdropViewExample/TBBackdropViewExample-Info.plist";
				PRODUCT_NAME = "$(TARGET_NAME)";
				WRAPPER_EXTENSION = app;
			};
			name = Debug;
		};
		A7B5022317E8B2F100725430 /* Release */ = {
			isa = XCBuildConfiguration;
			buildSettings = {
				ASSETCATALOG_COMPILER_APPICON_NAME = AppIcon;
				ASSETCATALOG_COMPILER_LAUNCHIMAGE_NAME = LaunchImage;
				GCC_PRECOMPILE_PREFIX_HEADER = YES;
				GCC_PREFIX_HEADER = "TBBackdropViewExample/TBBackdropViewExample-Prefix.pch";
				INFOPLIST_FILE = "TBBackdropViewExample/TBBackdropViewExample-Info.plist";
				PRODUCT_NAME = "$(TARGET_NAME)";
				WRAPPER_EXTENSION = app;
			};
			name = Release;
		};
		A7B5022517E8B2F100725430 /* Debug */ = {
			isa = XCBuildConfiguration;
			buildSettings = {
				ARCHS = "$(ARCHS_STANDARD_INCLUDING_64_BIT)";
				BUNDLE_LOADER = "$(BUILT_PRODUCTS_DIR)/TBBackdropViewExample.app/TBBackdropViewExample";
				FRAMEWORK_SEARCH_PATHS = (
					"$(SDKROOT)/Developer/Library/Frameworks",
					"$(inherited)",
					"$(DEVELOPER_FRAMEWORKS_DIR)",
				);
				GCC_PRECOMPILE_PREFIX_HEADER = YES;
				GCC_PREFIX_HEADER = "TBBackdropViewExample/TBBackdropViewExample-Prefix.pch";
				GCC_PREPROCESSOR_DEFINITIONS = (
					"DEBUG=1",
					"$(inherited)",
				);
				INFOPLIST_FILE = "TBBackdropViewExampleTests/TBBackdropViewExampleTests-Info.plist";
				PRODUCT_NAME = "$(TARGET_NAME)";
				TEST_HOST = "$(BUNDLE_LOADER)";
				WRAPPER_EXTENSION = xctest;
			};
			name = Debug;
		};
		A7B5022617E8B2F100725430 /* Release */ = {
			isa = XCBuildConfiguration;
			buildSettings = {
				ARCHS = "$(ARCHS_STANDARD_INCLUDING_64_BIT)";
				BUNDLE_LOADER = "$(BUILT_PRODUCTS_DIR)/TBBackdropViewExample.app/TBBackdropViewExample";
				FRAMEWORK_SEARCH_PATHS = (
					"$(SDKROOT)/Developer/Library/Frameworks",
					"$(inherited)",
					"$(DEVELOPER_FRAMEWORKS_DIR)",
				);
				GCC_PRECOMPILE_PREFIX_HEADER = YES;
				GCC_PREFIX_HEADER = "TBBackdropViewExample/TBBackdropViewExample-Prefix.pch";
				INFOPLIST_FILE = "TBBackdropViewExampleTests/TBBackdropViewExampleTests-Info.plist";
				PRODUCT_NAME = "$(TARGET_NAME)";
				TEST_HOST = "$(BUNDLE_LOADER)";
				WRAPPER_EXTENSION = xctest;
			};
			name = Release;
		};
/* End XCBuildConfiguration section */

/* Begin XCConfigurationList section */
		A7B501EA17E8B2F000725430 /* Build configuration list for PBXProject "TBBackdropViewExample" */ = {
			isa = XCConfigurationList;
			buildConfigurations = (
				A7B5021F17E8B2F100725430 /* Debug */,
				A7B5022017E8B2F100725430 /* Release */,
			);
			defaultConfigurationIsVisible = 0;
			defaultConfigurationName = Release;
		};
		A7B5022117E8B2F100725430 /* Build configuration list for PBXNativeTarget "TBBackdropViewExample" */ = {
			isa = XCConfigurationList;
			buildConfigurations = (
				A7B5022217E8B2F100725430 /* Debug */,
				A7B5022317E8B2F100725430 /* Release */,
			);
			defaultConfigurationIsVisible = 0;
			defaultConfigurationName = Release;
		};
		A7B5022417E8B2F100725430 /* Build configuration list for PBXNativeTarget "TBBackdropViewExampleTests" */ = {
			isa = XCConfigurationList;
			buildConfigurations = (
				A7B5022517E8B2F100725430 /* Debug */,
				A7B5022617E8B2F100725430 /* Release */,
			);
			defaultConfigurationIsVisible = 0;
			defaultConfigurationName = Release;
		};
/* End XCConfigurationList section */
	};
	rootObject = A7B501E717E8B2F000725430 /* Project object */;
}
